
Microsoft Visual Studio Solution File, Format Version 12.00
# Visual Studio Version 17
VisualStudioVersion = 17.4.32916.344
MinimumVisualStudioVersion = 10.0.40219.1
Project("{11A8DD76-328B-46DF-9F39-F559912D0360}") = "TestEsp32Thing", "TestEsp32Thing\TestEsp32Thing.nfproj", "{BDBC8332-4903-4FF8-A325-64A5FAD21BC8}"
EndProject
Global
	GlobalSection(SolutionConfigurationPlatforms) = preSolution
		Debug|Any CPU = Debug|Any CPU
		Release|Any CPU = Release|Any CPU
	EndGlobalSection
	GlobalSection(ProjectConfigurationPlatforms) = postSolution
		{BDBC8332-4903-4FF8-A325-64A5FAD21BC8}.Debug|Any CPU.ActiveCfg = Debug|Any CPU
		{BDBC8332-4903-4FF8-A325-64A5FAD21BC8}.Debug|Any CPU.Build.0 = Debug|Any CPU
		{BDBC8332-4903-4FF8-A325-64A5FAD21BC8}.Debug|Any CPU.Deploy.0 = Debug|Any CPU
		{BDBC8332-4903-4FF8-A325-64A5FAD21BC8}.Release|Any CPU.ActiveCfg = Release|Any CPU
		{BDBC8332-4903-4FF8-A325-64A5FAD21BC8}.Release|Any CPU.Build.0 = Release|Any CPU
		{BDBC8332-4903-4FF8-A325-64A5FAD21BC8}.Release|Any CPU.Deploy.0 = Release|Any CPU
	EndGlobalSection
	GlobalSection(SolutionProperties) = preSolution
		HideSolutionNode = FALSE
	EndGlobalSection
	GlobalSection(ExtensibilityGlobals) = postSolution
		SolutionGuid = {1F687806-EBB6-4406-8A4A-7C428FD56D15}
	EndGlobalSection
EndGlobal
